
Microsoft Visual Studio Solution File, Format Version 12.00
# Visual Studio Version 17
VisualStudioVersion = 17.8.34330.188
MinimumVisualStudioVersion = 10.0.40219.1
Project("{2150E333-8FDC-42A3-9474-1A3956D46DE8}") = "Solution Items", "Solution Items", "{98FB4982-571B-4489-BD7F-B453EE00D7B1}"
	ProjectSection(SolutionItems) = preProject
		docker-compose.override.yml = docker-compose.override.yml
		docker-compose.yml = docker-compose.yml
		global.json = global.json
		README.md = README.md
	EndProjectSection
EndProject
Project("{2150E333-8FDC-42A3-9474-1A3956D46DE8}") = "src", "src", "{09E3E152-A7B7-4A90-B0E0-79A323198147}"
EndProject
Project("{2150E333-8FDC-42A3-9474-1A3956D46DE8}") = "ApiGateways", "ApiGateways", "{9D0A8B37-A8DE-407D-9CF3-6413F7543C87}"
EndProject
Project("{2150E333-8FDC-42A3-9474-1A3956D46DE8}") = "BuildingBlocks", "BuildingBlocks", "{5A8ECB9F-CEA6-4473-BC2D-80FA44D2DD21}"
EndProject
Project("{2150E333-8FDC-42A3-9474-1A3956D46DE8}") = "Services", "Services", "{CAAEDA1E-55E8-4971-9150-4600450BB59B}"
EndProject
Project("{2150E333-8FDC-42A3-9474-1A3956D46DE8}") = "WebApps", "WebApps", "{47F9B807-692F-4B67-86AF-576668F8FD2B}"
EndProject
Project("{2150E333-8FDC-42A3-9474-1A3956D46DE8}") = "tests", "tests", "{52FEFB77-3C5F-4461-B7BA-35053FACE216}"
EndProject
Project("{9A19103F-16F7-4668-BE54-9A1E7A4F7556}") = "Common.Logging", "src\BuildingBlocks\Common.Logging\Common.Logging.csproj", "{3A9E68D1-585B-46AD-AB1A-98DEC8C9FE3F}"
EndProject
Project("{9A19103F-16F7-4668-BE54-9A1E7A4F7556}") = "EventBus.Messages", "src\BuildingBlocks\EventBus.Messages\EventBus.Messages.csproj", "{AE8E4B44-4454-45E4-9C3E-BAE540082C4A}"
EndProject
Project("{2150E333-8FDC-42A3-9474-1A3956D46DE8}") = "Basket", "Basket", "{AF795892-A384-49D5-AB8D-A40FF43BF131}"
EndProject
Project("{2150E333-8FDC-42A3-9474-1A3956D46DE8}") = "Customer", "Customer", "{1FFBD738-AFD5-4DD0-9B4B-CF3FF1F0FC3B}"
EndProject
Project("{2150E333-8FDC-42A3-9474-1A3956D46DE8}") = "Inventory", "Inventory", "{8CD54E85-7A9E-4EFF-86BC-BEDB3F894B4D}"
EndProject
Project("{2150E333-8FDC-42A3-9474-1A3956D46DE8}") = "Ordering", "Ordering", "{FC3EAFB6-AAEE-43C6-997B-638F884406FE}"
EndProject
Project("{2150E333-8FDC-42A3-9474-1A3956D46DE8}") = "Product", "Product", "{4F3E96CB-D26C-44C6-9305-C1DADAD8D219}"
EndProject
Project("{2150E333-8FDC-42A3-9474-1A3956D46DE8}") = "ScheduledJob", "ScheduledJob", "{10691F48-2040-4C64-8DB7-52BC26AE07C3}"
EndProject
Project("{9A19103F-16F7-4668-BE54-9A1E7A4F7556}") = "WebHealthStatus", "src\WebApps\WebHealthStatus\WebHealthStatus.csproj", "{11C28A65-DCA9-4393-ADFE-763DC8454964}"
EndProject
Project("{9A19103F-16F7-4668-BE54-9A1E7A4F7556}") = "Basket.API", "src\Services\Basket.API\Basket.API.csproj", "{2490EC05-E32C-41DD-996E-010E4E315433}"
EndProject
Project("{9A19103F-16F7-4668-BE54-9A1E7A4F7556}") = "Customer.API", "src\Services\Customer.API\Customer.API.csproj", "{87196BE7-216C-4260-B500-C3C1D795CEEF}"
EndProject
Project("{9A19103F-16F7-4668-BE54-9A1E7A4F7556}") = "Inventory.Product.API", "src\Services\Inventory.Product.API\Inventory.Product.API.csproj", "{218C2F18-7B71-4535-A97A-383D07BE0B36}"
EndProject
Project("{9A19103F-16F7-4668-BE54-9A1E7A4F7556}") = "Ordering.API", "src\Services\Ordering.API\Ordering.API.csproj", "{962F4646-5ECE-478E-BFE2-ABAD0DFF1747}"
EndProject
Project("{9A19103F-16F7-4668-BE54-9A1E7A4F7556}") = "Product.API", "src\Services\Product.API\Product.API.csproj", "{BBEE3071-8F98-4CDD-B4F0-2C908187676E}"
EndProject
Project("{9A19103F-16F7-4668-BE54-9A1E7A4F7556}") = "Hangfire.API", "src\Services\Hangfire.API\Hangfire.API.csproj", "{ACD1B8FD-3293-483F-B5F1-137037707792}"
EndProject
Project("{9A19103F-16F7-4668-BE54-9A1E7A4F7556}") = "Contracts", "src\BuildingBlocks\Contracts\Contracts.csproj", "{3DECC918-87D7-4510-A9EE-DCA2B5D2E02C}"
EndProject
Project("{9A19103F-16F7-4668-BE54-9A1E7A4F7556}") = "Infrastructure", "src\BuildingBlocks\Infrastructure\Infrastructure.csproj", "{2A8986AC-0528-40FF-82CC-290F0DF0E4F5}"
EndProject
Project("{9A19103F-16F7-4668-BE54-9A1E7A4F7556}") = "Shared", "src\BuildingBlocks\Shared\Shared.csproj", "{1C06C751-54DC-4B81-A6F4-759041EF161C}"
EndProject
Project("{9A19103F-16F7-4668-BE54-9A1E7A4F7556}") = "OcelotApiGw", "src\ApiGateways\OcelotApiGw\OcelotApiGw.csproj", "{C1266FDD-8DA6-4845-95BA-2732AEFFF049}"
EndProject
Global
	GlobalSection(SolutionConfigurationPlatforms) = preSolution
		Debug|Any CPU = Debug|Any CPU
		Release|Any CPU = Release|Any CPU
	EndGlobalSection
	GlobalSection(ProjectConfigurationPlatforms) = postSolution
		{3A9E68D1-585B-46AD-AB1A-98DEC8C9FE3F}.Debug|Any CPU.ActiveCfg = Debug|Any CPU
		{3A9E68D1-585B-46AD-AB1A-98DEC8C9FE3F}.Debug|Any CPU.Build.0 = Debug|Any CPU
		{3A9E68D1-585B-46AD-AB1A-98DEC8C9FE3F}.Release|Any CPU.ActiveCfg = Release|Any CPU
		{3A9E68D1-585B-46AD-AB1A-98DEC8C9FE3F}.Release|Any CPU.Build.0 = Release|Any CPU
		{AE8E4B44-4454-45E4-9C3E-BAE540082C4A}.Debug|Any CPU.ActiveCfg = Debug|Any CPU
		{AE8E4B44-4454-45E4-9C3E-BAE540082C4A}.Debug|Any CPU.Build.0 = Debug|Any CPU
		{AE8E4B44-4454-45E4-9C3E-BAE540082C4A}.Release|Any CPU.ActiveCfg = Release|Any CPU
		{AE8E4B44-4454-45E4-9C3E-BAE540082C4A}.Release|Any CPU.Build.0 = Release|Any CPU
		{11C28A65-DCA9-4393-ADFE-763DC8454964}.Debug|Any CPU.ActiveCfg = Debug|Any CPU
		{11C28A65-DCA9-4393-ADFE-763DC8454964}.Debug|Any CPU.Build.0 = Debug|Any CPU
		{11C28A65-DCA9-4393-ADFE-763DC8454964}.Release|Any CPU.ActiveCfg = Release|Any CPU
		{11C28A65-DCA9-4393-ADFE-763DC8454964}.Release|Any CPU.Build.0 = Release|Any CPU
		{2490EC05-E32C-41DD-996E-010E4E315433}.Debug|Any CPU.ActiveCfg = Debug|Any CPU
		{2490EC05-E32C-41DD-996E-010E4E315433}.Debug|Any CPU.Build.0 = Debug|Any CPU
		{2490EC05-E32C-41DD-996E-010E4E315433}.Release|Any CPU.ActiveCfg = Release|Any CPU
		{2490EC05-E32C-41DD-996E-010E4E315433}.Release|Any CPU.Build.0 = Release|Any CPU
		{87196BE7-216C-4260-B500-C3C1D795CEEF}.Debug|Any CPU.ActiveCfg = Debug|Any CPU
		{87196BE7-216C-4260-B500-C3C1D795CEEF}.Debug|Any CPU.Build.0 = Debug|Any CPU
		{87196BE7-216C-4260-B500-C3C1D795CEEF}.Release|Any CPU.ActiveCfg = Release|Any CPU
		{87196BE7-216C-4260-B500-C3C1D795CEEF}.Release|Any CPU.Build.0 = Release|Any CPU
		{218C2F18-7B71-4535-A97A-383D07BE0B36}.Debug|Any CPU.ActiveCfg = Debug|Any CPU
		{218C2F18-7B71-4535-A97A-383D07BE0B36}.Debug|Any CPU.Build.0 = Debug|Any CPU
		{218C2F18-7B71-4535-A97A-383D07BE0B36}.Release|Any CPU.ActiveCfg = Release|Any CPU
		{218C2F18-7B71-4535-A97A-383D07BE0B36}.Release|Any CPU.Build.0 = Release|Any CPU
		{962F4646-5ECE-478E-BFE2-ABAD0DFF1747}.Debug|Any CPU.ActiveCfg = Debug|Any CPU
		{962F4646-5ECE-478E-BFE2-ABAD0DFF1747}.Debug|Any CPU.Build.0 = Debug|Any CPU
		{962F4646-5ECE-478E-BFE2-ABAD0DFF1747}.Release|Any CPU.ActiveCfg = Release|Any CPU
		{962F4646-5ECE-478E-BFE2-ABAD0DFF1747}.Release|Any CPU.Build.0 = Release|Any CPU
		{BBEE3071-8F98-4CDD-B4F0-2C908187676E}.Debug|Any CPU.ActiveCfg = Debug|Any CPU
		{BBEE3071-8F98-4CDD-B4F0-2C908187676E}.Debug|Any CPU.Build.0 = Debug|Any CPU
		{BBEE3071-8F98-4CDD-B4F0-2C908187676E}.Release|Any CPU.ActiveCfg = Release|Any CPU
		{BBEE3071-8F98-4CDD-B4F0-2C908187676E}.Release|Any CPU.Build.0 = Release|Any CPU
		{ACD1B8FD-3293-483F-B5F1-137037707792}.Debug|Any CPU.ActiveCfg = Debug|Any CPU
		{ACD1B8FD-3293-483F-B5F1-137037707792}.Debug|Any CPU.Build.0 = Debug|Any CPU
		{ACD1B8FD-3293-483F-B5F1-137037707792}.Release|Any CPU.ActiveCfg = Release|Any CPU
		{ACD1B8FD-3293-483F-B5F1-137037707792}.Release|Any CPU.Build.0 = Release|Any CPU
		{3DECC918-87D7-4510-A9EE-DCA2B5D2E02C}.Debug|Any CPU.ActiveCfg = Debug|Any CPU
		{3DECC918-87D7-4510-A9EE-DCA2B5D2E02C}.Debug|Any CPU.Build.0 = Debug|Any CPU
		{3DECC918-87D7-4510-A9EE-DCA2B5D2E02C}.Release|Any CPU.ActiveCfg = Release|Any CPU
		{3DECC918-87D7-4510-A9EE-DCA2B5D2E02C}.Release|Any CPU.Build.0 = Release|Any CPU
		{2A8986AC-0528-40FF-82CC-290F0DF0E4F5}.Debug|Any CPU.ActiveCfg = Debug|Any CPU
		{2A8986AC-0528-40FF-82CC-290F0DF0E4F5}.Debug|Any CPU.Build.0 = Debug|Any CPU
		{2A8986AC-0528-40FF-82CC-290F0DF0E4F5}.Release|Any CPU.ActiveCfg = Release|Any CPU
		{2A8986AC-0528-40FF-82CC-290F0DF0E4F5}.Release|Any CPU.Build.0 = Release|Any CPU
		{1C06C751-54DC-4B81-A6F4-759041EF161C}.Debug|Any CPU.ActiveCfg = Debug|Any CPU
		{1C06C751-54DC-4B81-A6F4-759041EF161C}.Debug|Any CPU.Build.0 = Debug|Any CPU
		{1C06C751-54DC-4B81-A6F4-759041EF161C}.Release|Any CPU.ActiveCfg = Release|Any CPU
		{1C06C751-54DC-4B81-A6F4-759041EF161C}.Release|Any CPU.Build.0 = Release|Any CPU
		{C1266FDD-8DA6-4845-95BA-2732AEFFF049}.Debug|Any CPU.ActiveCfg = Debug|Any CPU
		{C1266FDD-8DA6-4845-95BA-2732AEFFF049}.Debug|Any CPU.Build.0 = Debug|Any CPU
		{C1266FDD-8DA6-4845-95BA-2732AEFFF049}.Release|Any CPU.ActiveCfg = Release|Any CPU
		{C1266FDD-8DA6-4845-95BA-2732AEFFF049}.Release|Any CPU.Build.0 = Release|Any CPU
	EndGlobalSection
	GlobalSection(SolutionProperties) = preSolution
		HideSolutionNode = FALSE
	EndGlobalSection
	GlobalSection(NestedProjects) = preSolution
		{9D0A8B37-A8DE-407D-9CF3-6413F7543C87} = {09E3E152-A7B7-4A90-B0E0-79A323198147}
		{5A8ECB9F-CEA6-4473-BC2D-80FA44D2DD21} = {09E3E152-A7B7-4A90-B0E0-79A323198147}
		{CAAEDA1E-55E8-4971-9150-4600450BB59B} = {09E3E152-A7B7-4A90-B0E0-79A323198147}
		{47F9B807-692F-4B67-86AF-576668F8FD2B} = {09E3E152-A7B7-4A90-B0E0-79A323198147}
		{3A9E68D1-585B-46AD-AB1A-98DEC8C9FE3F} = {5A8ECB9F-CEA6-4473-BC2D-80FA44D2DD21}
		{AE8E4B44-4454-45E4-9C3E-BAE540082C4A} = {5A8ECB9F-CEA6-4473-BC2D-80FA44D2DD21}
		{AF795892-A384-49D5-AB8D-A40FF43BF131} = {CAAEDA1E-55E8-4971-9150-4600450BB59B}
		{1FFBD738-AFD5-4DD0-9B4B-CF3FF1F0FC3B} = {CAAEDA1E-55E8-4971-9150-4600450BB59B}
		{8CD54E85-7A9E-4EFF-86BC-BEDB3F894B4D} = {CAAEDA1E-55E8-4971-9150-4600450BB59B}
		{FC3EAFB6-AAEE-43C6-997B-638F884406FE} = {CAAEDA1E-55E8-4971-9150-4600450BB59B}
		{4F3E96CB-D26C-44C6-9305-C1DADAD8D219} = {CAAEDA1E-55E8-4971-9150-4600450BB59B}
		{10691F48-2040-4C64-8DB7-52BC26AE07C3} = {CAAEDA1E-55E8-4971-9150-4600450BB59B}
		{11C28A65-DCA9-4393-ADFE-763DC8454964} = {47F9B807-692F-4B67-86AF-576668F8FD2B}
		{2490EC05-E32C-41DD-996E-010E4E315433} = {AF795892-A384-49D5-AB8D-A40FF43BF131}
		{87196BE7-216C-4260-B500-C3C1D795CEEF} = {1FFBD738-AFD5-4DD0-9B4B-CF3FF1F0FC3B}
		{218C2F18-7B71-4535-A97A-383D07BE0B36} = {8CD54E85-7A9E-4EFF-86BC-BEDB3F894B4D}
		{962F4646-5ECE-478E-BFE2-ABAD0DFF1747} = {FC3EAFB6-AAEE-43C6-997B-638F884406FE}
		{BBEE3071-8F98-4CDD-B4F0-2C908187676E} = {4F3E96CB-D26C-44C6-9305-C1DADAD8D219}
		{ACD1B8FD-3293-483F-B5F1-137037707792} = {10691F48-2040-4C64-8DB7-52BC26AE07C3}
		{3DECC918-87D7-4510-A9EE-DCA2B5D2E02C} = {5A8ECB9F-CEA6-4473-BC2D-80FA44D2DD21}
		{2A8986AC-0528-40FF-82CC-290F0DF0E4F5} = {5A8ECB9F-CEA6-4473-BC2D-80FA44D2DD21}
		{1C06C751-54DC-4B81-A6F4-759041EF161C} = {5A8ECB9F-CEA6-4473-BC2D-80FA44D2DD21}
		{C1266FDD-8DA6-4845-95BA-2732AEFFF049} = {9D0A8B37-A8DE-407D-9CF3-6413F7543C87}
	EndGlobalSection
	GlobalSection(ExtensibilityGlobals) = postSolution
		SolutionGuid = {8E2A550A-F13F-43B2-9FE1-ECAC4C390B23}
	EndGlobalSection
EndGlobal
